// !$*UTF8*$!
{
	archiveVersion = 1;
	classes = {
	};
	objectVersion = 50;
	objects = {

/* Begin PBXBuildFile section */
		3F0EB66423A2ED9500E9AAEE /* WebKit.framework in Frameworks */ = {isa = PBXBuildFile; fileRef = 3F0EB66323A2ED9500E9AAEE /* WebKit.framework */; };
		3F419F18216E95010011EFF8 /* HaltViewController.swift in Sources */ = {isa = PBXBuildFile; fileRef = 3F419F17216E95010011EFF8 /* HaltViewController.swift */; };
		3F419F1C216E965F0011EFF8 /* noFaceblock.jpg in Resources */ = {isa = PBXBuildFile; fileRef = 3F419F1B216E965F0011EFF8 /* noFaceblock.jpg */; };
		3F419F1E216E9C890011EFF8 /* smrtDog.jpeg in Resources */ = {isa = PBXBuildFile; fileRef = 3F419F1D216E9C890011EFF8 /* smrtDog.jpeg */; };
		3FE0690D2166BB4A00F54E96 /* AppDelegate.swift in Sources */ = {isa = PBXBuildFile; fileRef = 3FE0690C2166BB4A00F54E96 /* AppDelegate.swift */; };
		3FE0690F2166BB4A00F54E96 /* WebViewController.swift in Sources */ = {isa = PBXBuildFile; fileRef = 3FE0690E2166BB4A00F54E96 /* WebViewController.swift */; };
		3FE069122166BB4A00F54E96 /* Main.storyboard in Resources */ = {isa = PBXBuildFile; fileRef = 3FE069102166BB4A00F54E96 /* Main.storyboard */; };
		3FE069142166BB4C00F54E96 /* Assets.xcassets in Resources */ = {isa = PBXBuildFile; fileRef = 3FE069132166BB4C00F54E96 /* Assets.xcassets */; };
		3FE069172166BB4C00F54E96 /* LaunchScreen.storyboard in Resources */ = {isa = PBXBuildFile; fileRef = 3FE069152166BB4C00F54E96 /* LaunchScreen.storyboard */; };
/* End PBXBuildFile section */

/* Begin PBXFileReference section */
		3F0EB66323A2ED9500E9AAEE /* WebKit.framework */ = {isa = PBXFileReference; lastKnownFileType = wrapper.framework; name = WebKit.framework; path = System/Library/Frameworks/WebKit.framework; sourceTree = SDKROOT; };
		3F419F17216E95010011EFF8 /* HaltViewController.swift */ = {isa = PBXFileReference; lastKnownFileType = sourcecode.swift; path = HaltViewController.swift; sourceTree = "<group>"; };
		3F419F1B216E965F0011EFF8 /* noFaceblock.jpg */ = {isa = PBXFileReference; lastKnownFileType = image.jpeg; path = noFaceblock.jpg; sourceTree = "<group>"; };
		3F419F1D216E9C890011EFF8 /* smrtDog.jpeg */ = {isa = PBXFileReference; lastKnownFileType = image.jpeg; path = smrtDog.jpeg; sourceTree = "<group>"; };
		3FE069092166BB4A00F54E96 /* WebViewInterceptExample.app */ = {isa = PBXFileReference; explicitFileType = wrapper.application; includeInIndex = 0; path = WebViewInterceptExample.app; sourceTree = BUILT_PRODUCTS_DIR; };
		3FE0690C2166BB4A00F54E96 /* AppDelegate.swift */ = {isa = PBXFileReference; lastKnownFileType = sourcecode.swift; path = AppDelegate.swift; sourceTree = "<group>"; };
		3FE0690E2166BB4A00F54E96 /* WebViewController.swift */ = {isa = PBXFileReference; lastKnownFileType = sourcecode.swift; path = WebViewController.swift; sourceTree = "<group>"; };
		3FE069112166BB4A00F54E96 /* Base */ = {isa = PBXFileReference; lastKnownFileType = file.storyboard; name = Base; path = Base.lproj/Main.storyboard; sourceTree = "<group>"; };
		3FE069132166BB4C00F54E96 /* Assets.xcassets */ = {isa = PBXFileReference; lastKnownFileType = folder.assetcatalog; path = Assets.xcassets; sourceTree = "<group>"; };
		3FE069162166BB4C00F54E96 /* Base */ = {isa = PBXFileReference; lastKnownFileType = file.storyboard; name = Base; path = Base.lproj/LaunchScreen.storyboard; sourceTree = "<group>"; };
		3FE069182166BB4C00F54E96 /* Info.plist */ = {isa = PBXFileReference; lastKnownFileType = text.plist.xml; path = Info.plist; sourceTree = "<group>"; };
/* End PBXFileReference section */

/* Begin PBXFrameworksBuildPhase section */
		3FE069062166BB4A00F54E96 /* Frameworks */ = {
			isa = PBXFrameworksBuildPhase;
			buildActionMask = 2147483647;
			files = (
				3F0EB66423A2ED9500E9AAEE /* WebKit.framework in Frameworks */,
			);
			runOnlyForDeploymentPostprocessing = 0;
		};
/* End PBXFrameworksBuildPhase section */

/* Begin PBXGroup section */
		3F0EB66223A2ED9500E9AAEE /* Frameworks */ = {
			isa = PBXGroup;
			children = (
				3F0EB66323A2ED9500E9AAEE /* WebKit.framework */,
			);
			name = Frameworks;
			sourceTree = "<group>";
		};
		3FE069002166BB4A00F54E96 = {
			isa = PBXGroup;
			children = (
				3FE0690B2166BB4A00F54E96 /* WebViewInterceptExample */,
				3FE0690A2166BB4A00F54E96 /* Products */,
				3F0EB66223A2ED9500E9AAEE /* Frameworks */,
			);
			sourceTree = "<group>";
		};
		3FE0690A2166BB4A00F54E96 /* Products */ = {
			isa = PBXGroup;
			children = (
				3FE069092166BB4A00F54E96 /* WebViewInterceptExample.app */,
			);
			name = Products;
			sourceTree = "<group>";
		};
		3FE0690B2166BB4A00F54E96 /* WebViewInterceptExample */ = {
			isa = PBXGroup;
			children = (
				3FE0690E2166BB4A00F54E96 /* WebViewController.swift */,
				3F419F17216E95010011EFF8 /* HaltViewController.swift */,
				3FE069102166BB4A00F54E96 /* Main.storyboard */,
				3FE0690C2166BB4A00F54E96 /* AppDelegate.swift */,
				3FE069132166BB4C00F54E96 /* Assets.xcassets */,
				3FE069152166BB4C00F54E96 /* LaunchScreen.storyboard */,
				3FE069182166BB4C00F54E96 /* Info.plist */,
				3F419F1B216E965F0011EFF8 /* noFaceblock.jpg */,
				3F419F1D216E9C890011EFF8 /* smrtDog.jpeg */,
			);
			path = WebViewInterceptExample;
			sourceTree = "<group>";
		};
/* End PBXGroup section */

/* Begin PBXNativeTarget section */
		3FE069082166BB4A00F54E96 /* WebViewInterceptExample */ = {
			isa = PBXNativeTarget;
			buildConfigurationList = 3FE0691B2166BB4C00F54E96 /* Build configuration list for PBXNativeTarget "WebViewInterceptExample" */;
			buildPhases = (
				3FE069052166BB4A00F54E96 /* Sources */,
				3FE069062166BB4A00F54E96 /* Frameworks */,
				3FE069072166BB4A00F54E96 /* Resources */,
			);
			buildRules = (
			);
			dependencies = (
			);
			name = WebViewInterceptExample;
			productName = WebViewInterceptExample;
			productReference = 3FE069092166BB4A00F54E96 /* WebViewInterceptExample.app */;
			productType = "com.apple.product-type.application";
		};
/* End PBXNativeTarget section */

/* Begin PBXProject section */
		3FE069012166BB4A00F54E96 /* Project object */ = {
			isa = PBXProject;
			attributes = {
				LastSwiftUpdateCheck = 1000;
				LastUpgradeCheck = 1000;
				ORGANIZATIONNAME = "Kevin Yu";
				TargetAttributes = {
					3FE069082166BB4A00F54E96 = {
						CreatedOnToolsVersion = 10.0;
					};
				};
			};
			buildConfigurationList = 3FE069042166BB4A00F54E96 /* Build configuration list for PBXProject "WebViewInterceptExample" */;
			compatibilityVersion = "Xcode 9.3";
			developmentRegion = en;
			hasScannedForEncodings = 0;
			knownRegions = (
				en,
				Base,
			);
			mainGroup = 3FE069002166BB4A00F54E96;
			productRefGroup = 3FE0690A2166BB4A00F54E96 /* Products */;
			projectDirPath = "";
			projectRoot = "";
			targets = (
				3FE069082166BB4A00F54E96 /* WebViewInterceptExample */,
			);
		};
/* End PBXProject section */

/* Begin PBXResourcesBuildPhase section */
		3FE069072166BB4A00F54E96 /* Resources */ = {
			isa = PBXResourcesBuildPhase;
			buildActionMask = 2147483647;
			files = (
				3FE069172166BB4C00F54E96 /* LaunchScreen.storyboard in Resources */,
				3F419F1C216E965F0011EFF8 /* noFaceblock.jpg in Resources */,
				3FE069142166BB4C00F54E96 /* Assets.xcassets in Resources */,
				3FE069122166BB4A00F54E96 /* Main.storyboard in Resources */,
				3F419F1E216E9C890011EFF8 /* smrtDog.jpeg in Resources */,
			);
			runOnlyForDeploymentPostprocessing = 0;
		};
/* End PBXResourcesBuildPhase section */

/* Begin PBXSourcesBuildPhase section */
		3FE069052166BB4A00F54E96 /* Sources */ = {
			isa = PBXSourcesBuildPhase;
			buildActionMask = 2147483647;
			files = (
				3FE0690F2166BB4A00F54E96 /* WebViewController.swift in Sources */,
				3FE0690D2166BB4A00F54E96 /* AppDelegate.swift in Sources */,
				3F419F18216E95010011EFF8 /* HaltViewController.swift in Sources */,
			);
			runOnlyForDeploymentPostprocessing = 0;
		};
/* End PBXSourcesBuildPhase section */

/* Begin PBXVariantGroup section */
		3FE069102166BB4A00F54E96 /* Main.storyboard */ = {
			isa = PBXVariantGroup;
			children = (
				3FE069112166BB4A00F54E96 /* Base */,
			);
			name = Main.storyboard;
			sourceTree = "<group>";
		};
		3FE069152166BB4C00F54E96 /* LaunchScreen.storyboard */ = {
			isa = PBXVariantGroup;
			children = (
				3FE069162166BB4C00F54E96 /* Base */,
			);
			name = LaunchScreen.storyboard;
			sourceTree = "<group>";
		};
/* End PBXVariantGroup section */

/* Begin XCBuildConfiguration section */
		3FE069192166BB4C00F54E96 /* Debug */ = {
			isa = XCBuildConfiguration;
			buildSettings = {
				ALWAYS_SEARCH_USER_PATHS = NO;
				CLANG_ANALYZER_NONNULL = YES;
				CLANG_ANALYZER_NUMBER_OBJECT_CONVERSION = YES_AGGRESSIVE;
				CLANG_CXX_LANGUAGE_STANDARD = "gnu++14";
				CLANG_CXX_LIBRARY = "libc++";
				CLANG_ENABLE_MODULES = YES;
				CLANG_ENABLE_OBJC_ARC = YES;
				CLANG_ENABLE_OBJC_WEAK = YES;
				CLANG_WARN_BLOCK_CAPTURE_AUTORELEASING = YES;
				CLANG_WARN_BOOL_CONVERSION = YES;
				CLANG_WARN_COMMA = YES;
				CLANG_WARN_CONSTANT_CONVERSION = YES;
				CLANG_WARN_DEPRECATED_OBJC_IMPLEMENTATIONS = YES;
				CLANG_WARN_DIRECT_OBJC_ISA_USAGE = YES_ERROR;
				CLANG_WARN_DOCUMENTATION_COMMENTS = YES;
				CLANG_WARN_EMPTY_BODY = YES;
				CLANG_WARN_ENUM_CONVERSION = YES;
				CLANG_WARN_INFINITE_RECURSION = YES;
				CLANG_WARN_INT_CONVERSION = YES;
				CLANG_WARN_NON_LITERAL_NULL_CONVERSION = YES;
				CLANG_WARN_OBJC_IMPLICIT_RETAIN_SELF = YES;
				CLANG_WARN_OBJC_LITERAL_CONVERSION = YES;
				CLANG_WARN_OBJC_ROOT_CLASS = YES_ERROR;
				CLANG_WARN_RANGE_LOOP_ANALYSIS = YES;
				CLANG_WARN_STRICT_PROTOTYPES = YES;
				CLANG_WARN_SUSPICIOUS_MOVE = YES;
				CLANG_WARN_UNGUARDED_AVAILABILITY = YES_AGGRESSIVE;
				CLANG_WARN_UNREACHABLE_CODE = YES;
				CLANG_WARN__DUPLICATE_METHOD_MATCH = YES;
				CODE_SIGN_IDENTITY = "iPhone Developer";
				COPY_PHASE_STRIP = NO;
				DEBUG_INFORMATION_FORMAT = dwarf;
				ENABLE_STRICT_OBJC_MSGSEND = YES;
				ENABLE_TESTABILITY = YES;
				GCC_C_LANGUAGE_STANDARD = gnu11;
				GCC_DYNAMIC_NO_PIC = NO;
				GCC_NO_COMMON_BLOCKS = YES;
				GCC_OPTIMIZATION_LEVEL = 0;
				GCC_PREPROCESSOR_DEFINITIONS = (
					"DEBUG=1",
					"$(inherited)",
				);
				GCC_WARN_64_TO_32_BIT_CONVERSION = YES;
				GCC_WARN_ABOUT_RETURN_TYPE = YES_ERROR;
				GCC_WARN_UNDECLARED_SELECTOR = YES;
				GCC_WARN_UNINITIALIZED_AUTOS = YES_AGGRESSIVE;
				GCC_WARN_UNUSED_FUNCTION = YES;
				GCC_WARN_UNUSED_VARIABLE = YES;
				IPHONEOS_DEPLOYMENT_TARGET = 12.0;
				MTL_ENABLE_DEBUG_INFO = INCLUDE_SOURCE;
				MTL_FAST_MATH = YES;
				ONLY_ACTIVE_ARCH = YES;
				SDKROOT = iphoneos;
				SWIFT_ACTIVE_COMPILATION_CONDITIONS = DEBUG;
				SWIFT_OPTIMIZATION_LEVEL = "-Onone";
			};
			name = Debug;
		};
		3FE0691A2166BB4C00F54E96 /* Release */ = {
			isa = XCBuildConfiguration;
			buildSettings = {
				ALWAYS_SEARCH_USER_PATHS = NO;
				CLANG_ANALYZER_NONNULL = YES;
				CLANG_ANALYZER_NUMBER_OBJECT_CONVERSION = YES_AGGRESSIVE;
				CLANG_CXX_LANGUAGE_STANDARD = "gnu++14";
				CLANG_CXX_LIBRARY = "libc++";
				CLANG_ENABLE_MODULES = YES;
				CLANG_ENABLE_OBJC_ARC = YES;
				CLANG_ENABLE_OBJC_WEAK = YES;
				CLANG_WARN_BLOCK_CAPTURE_AUTORELEASING = YES;
				CLANG_WARN_BOOL_CONVERSION = YES;
				CLANG_WARN_COMMA = YES;
				CLANG_WARN_CONSTANT_CONVERSION = YES;
				CLANG_WARN_DEPRECATED_OBJC_IMPLEMENTATIONS = YES;
				CLANG_WARN_DIRECT_OBJC_ISA_USAGE = YES_ERROR;
				CLANG_WARN_DOCUMENTATION_COMMENTS = YES;
				CLANG_WARN_EMPTY_BODY = YES;
				CLANG_WARN_ENUM_CONVERSION = YES;
				CLANG_WARN_INFINITE_RECURSION = YES;
				CLANG_WARN_INT_CONVERSION = YES;
				CLANG_WARN_NON_LITERAL_NULL_CONVERSION = YES;
				CLANG_WARN_OBJC_IMPLICIT_RETAIN_SELF = YES;
				CLANG_WARN_OBJC_LITERAL_CONVERSION = YES;
				CLANG_WARN_OBJC_ROOT_CLASS = YES_ERROR;
				CLANG_WARN_RANGE_LOOP_ANALYSIS = YES;
				CLANG_WARN_STRICT_PROTOTYPES = YES;
				CLANG_WARN_SUSPICIOUS_MOVE = YES;
				CLANG_WARN_UNGUARDED_AVAILABILITY = YES_AGGRESSIVE;
				CLANG_WARN_UNREACHABLE_CODE = YES;
				CLANG_WARN__DUPLICATE_METHOD_MATCH = YES;
				CODE_SIGN_IDENTITY = "iPhone Developer";
				COPY_PHASE_STRIP = NO;
				DEBUG_INFORMATION_FORMAT = "dwarf-with-dsym";
				ENABLE_NS_ASSERTIONS = NO;
				ENABLE_STRICT_OBJC_MSGSEND = YES;
				GCC_C_LANGUAGE_STANDARD = gnu11;
				GCC_NO_COMMON_BLOCKS = YES;
				GCC_WARN_64_TO_32_BIT_CONVERSION = YES;
				GCC_WARN_ABOUT_RETURN_TYPE = YES_ERROR;
				GCC_WARN_UNDECLARED_SELECTOR = YES;
				GCC_WARN_UNINITIALIZED_AUTOS = YES_AGGRESSIVE;
				GCC_WARN_UNUSED_FUNCTION = YES;
				GCC_WARN_UNUSED_VARIABLE = YES;
				IPHONEOS_DEPLOYMENT_TARGET = 12.0;
				MTL_ENABLE_DEBUG_INFO = NO;
				MTL_FAST_MATH = YES;
				SDKROOT = iphoneos;
				SWIFT_COMPILATION_MODE = wholemodule;
				SWIFT_OPTIMIZATION_LEVEL = "-O";
				VALIDATE_PRODUCT = YES;
			};
			name = Release;
		};
		3FE0691C2166BB4C00F54E96 /* Debug */ = {
			isa = XCBuildConfiguration;
			buildSettings = {
				ASSETCATALOG_COMPILER_APPICON_NAME = AppIcon;
				CODE_SIGN_STYLE = Automatic;
				INFOPLIST_FILE = WebViewInterceptExample/Info.plist;
				LD_RUNPATH_SEARCH_PATHS = (
					"$(inherited)",
					"@executable_path/Frameworks",
				);
				PRODUCT_BUNDLE_IDENTIFIER = kevinyu.WebViewInterceptExample;
				PRODUCT_NAME = "$(TARGET_NAME)";
				SWIFT_VERSION = 5.0;
				TARGETED_DEVICE_FAMILY = "1,2";
			};
			name = Debug;
		};
		3FE0691D2166BB4C00F54E96 /* Release */ = {
			isa = XCBuildConfiguration;
			buildSettings = {
				ASSETCATALOG_COMPILER_APPICON_NAME = AppIcon;
				CODE_SIGN_STYLE = Automatic;
				INFOPLIST_FILE = WebViewInterceptExample/Info.plist;
				LD_RUNPATH_SEARCH_PATHS = (
					"$(inherited)",
					"@executable_path/Frameworks",
				);
				PRODUCT_BUNDLE_IDENTIFIER = kevinyu.WebViewInterceptExample;
				PRODUCT_NAME = "$(TARGET_NAME)";
				SWIFT_VERSION = 5.0;
				TARGETED_DEVICE_FAMILY = "1,2";
			};
			name = Release;
		};
/* End XCBuildConfiguration section */

/* Begin XCConfigurationList section */
		3FE069042166BB4A00F54E96 /* Build configuration list for PBXProject "WebViewInterceptExample" */ = {
			isa = XCConfigurationList;
			buildConfigurations = (
				3FE069192166BB4C00F54E96 /* Debug */,
				3FE0691A2166BB4C00F54E96 /* Release */,
			);
			defaultConfigurationIsVisible = 0;
			defaultConfigurationName = Release;
		};
		3FE0691B2166BB4C00F54E96 /* Build configuration list for PBXNativeTarget "WebViewInterceptExample" */ = {
			isa = XCConfigurationList;
			buildConfigurations = (
				3FE0691C2166BB4C00F54E96 /* Debug */,
				3FE0691D2166BB4C00F54E96 /* Release */,
			);
			defaultConfigurationIsVisible = 0;
			defaultConfigurationName = Release;
		};
/* End XCConfigurationList section */
	};
	rootObject = 3FE069012166BB4A00F54E96 /* Project object */;
}
